// !$*UTF8*$!
{
	archiveVersion = 1;
	classes = {
	};
	objectVersion = 55;
	objects = {

/* Begin PBXBuildFile section */
		CBE98F4828075E78007BCB91 /* main.cpp in Sources */ = {isa = PBXBuildFile; fileRef = CBE98F4728075E78007BCB91 /* main.cpp */; };
		CBE98FFD280784CD007BCB91 /* libopencv_surface_matching.4.5.5.dylib in Frameworks */ = {isa = PBXBuildFile; fileRef = CBE98FC5280784CC007BCB91 /* libopencv_surface_matching.4.5.5.dylib */; };
		CBE98FFE280784CD007BCB91 /* libopencv_reg.4.5.5.dylib in Frameworks */ = {isa = PBXBuildFile; fileRef = CBE98FC6280784CC007BCB91 /* libopencv_reg.4.5.5.dylib */; };
		CBE98FFF280784CD007BCB91 /* libopencv_saliency.4.5.5.dylib in Frameworks */ = {isa = PBXBuildFile; fileRef = CBE98FC7280784CC007BCB91 /* libopencv_saliency.4.5.5.dylib */; };
		CBE99000280784CD007BCB91 /* libopencv_bioinspired.4.5.5.dylib in Frameworks */ = {isa = PBXBuildFile; fileRef = CBE98FC8280784CC007BCB91 /* libopencv_bioinspired.4.5.5.dylib */; };
		CBE99001280784CD007BCB91 /* libopencv_ccalib.4.5.5.dylib in Frameworks */ = {isa = PBXBuildFile; fileRef = CBE98FC9280784CC007BCB91 /* libopencv_ccalib.4.5.5.dylib */; };
		CBE99002280784CD007BCB91 /* libopencv_objdetect.4.5.5.dylib in Frameworks */ = {isa = PBXBuildFile; fileRef = CBE98FCA280784CC007BCB91 /* libopencv_objdetect.4.5.5.dylib */; };
		CBE99003280784CD007BCB91 /* libopencv_alphamat.4.5.5.dylib in Frameworks */ = {isa = PBXBuildFile; fileRef = CBE98FCB280784CC007BCB91 /* libopencv_alphamat.4.5.5.dylib */; };
		CBE99004280784CD007BCB91 /* libopencv_dnn.4.5.5.dylib in Frameworks */ = {isa = PBXBuildFile; fileRef = CBE98FCC280784CC007BCB91 /* libopencv_dnn.4.5.5.dylib */; };
		CBE99005280784CD007BCB91 /* libopencv_photo.4.5.5.dylib in Frameworks */ = {isa = PBXBuildFile; fileRef = CBE98FCD280784CC007BCB91 /* libopencv_photo.4.5.5.dylib */; };
		CBE99006280784CD007BCB91 /* libopencv_dpm.4.5.5.dylib in Frameworks */ = {isa = PBXBuildFile; fileRef = CBE98FCE280784CC007BCB91 /* libopencv_dpm.4.5.5.dylib */; };
		CBE99007280784CD007BCB91 /* libopencv_rgbd.4.5.5.dylib in Frameworks */ = {isa = PBXBuildFile; fileRef = CBE98FCF280784CC007BCB91 /* libopencv_rgbd.4.5.5.dylib */; };
		CBE99008280784CD007BCB91 /* libopencv_superres.4.5.5.dylib in Frameworks */ = {isa = PBXBuildFile; fileRef = CBE98FD0280784CC007BCB91 /* libopencv_superres.4.5.5.dylib */; };
		CBE99009280784CD007BCB91 /* libopencv_quality.4.5.5.dylib in Frameworks */ = {isa = PBXBuildFile; fileRef = CBE98FD1280784CC007BCB91 /* libopencv_quality.4.5.5.dylib */; };
		CBE9900A280784CD007BCB91 /* libopencv_dnn_superres.4.5.5.dylib in Frameworks */ = {isa = PBXBuildFile; fileRef = CBE98FD2280784CC007BCB91 /* libopencv_dnn_superres.4.5.5.dylib */; };
		CBE9900B280784CD007BCB91 /* libopencv_videoio.4.5.5.dylib in Frameworks */ = {isa = PBXBuildFile; fileRef = CBE98FD3280784CC007BCB91 /* libopencv_videoio.4.5.5.dylib */; };
		CBE9900C280784CD007BCB91 /* libopencv_dnn_objdetect.4.5.5.dylib in Frameworks */ = {isa = PBXBuildFile; fileRef = CBE98FD4280784CC007BCB91 /* libopencv_dnn_objdetect.4.5.5.dylib */; };
		CBE9900D280784CD007BCB91 /* libopencv_freetype.4.5.5.dylib in Frameworks */ = {isa = PBXBuildFile; fileRef = CBE98FD5280784CC007BCB91 /* libopencv_freetype.4.5.5.dylib */; };
		CBE9900E280784CD007BCB91 /* libopencv_calib3d.4.5.5.dylib in Frameworks */ = {isa = PBXBuildFile; fileRef = CBE98FD6280784CC007BCB91 /* libopencv_calib3d.4.5.5.dylib */; };
		CBE9900F280784CD007BCB91 /* libopencv_shape.4.5.5.dylib in Frameworks */ = {isa = PBXBuildFile; fileRef = CBE98FD7280784CC007BCB91 /* libopencv_shape.4.5.5.dylib */; };
		CBE99010280784CD007BCB91 /* libopencv_flann.4.5.5.dylib in Frameworks */ = {isa = PBXBuildFile; fileRef = CBE98FD8280784CC007BCB91 /* libopencv_flann.4.5.5.dylib */; };
		CBE99011280784CD007BCB91 /* libopencv_gapi.4.5.5.dylib in Frameworks */ = {isa = PBXBuildFile; fileRef = CBE98FD9280784CC007BCB91 /* libopencv_gapi.4.5.5.dylib */; };
		CBE99012280784CD007BCB91 /* libopencv_bgsegm.4.5.5.dylib in Frameworks */ = {isa = PBXBuildFile; fileRef = CBE98FDA280784CC007BCB91 /* libopencv_bgsegm.4.5.5.dylib */; };
		CBE99013280784CD007BCB91 /* libopencv_viz.4.5.5.dylib in Frameworks */ = {isa = PBXBuildFile; fileRef = CBE98FDB280784CC007BCB91 /* libopencv_viz.4.5.5.dylib */; };
		CBE99014280784CD007BCB91 /* libopencv_videostab.4.5.5.dylib in Frameworks */ = {isa = PBXBuildFile; fileRef = CBE98FDC280784CC007BCB91 /* libopencv_videostab.4.5.5.dylib */; };
		CBE99015280784CD007BCB91 /* libopencv_video.4.5.5.dylib in Frameworks */ = {isa = PBXBuildFile; fileRef = CBE98FDD280784CC007BCB91 /* libopencv_video.4.5.5.dylib */; };
		CBE99016280784CD007BCB91 /* libopencv_imgproc.4.5.5.dylib in Frameworks */ = {isa = PBXBuildFile; fileRef = CBE98FDE280784CC007BCB91 /* libopencv_imgproc.4.5.5.dylib */; };
		CBE99017280784CD007BCB91 /* libopencv_mcc.4.5.5.dylib in Frameworks */ = {isa = PBXBuildFile; fileRef = CBE98FDF280784CC007BCB91 /* libopencv_mcc.4.5.5.dylib */; };
		CBE99018280784CD007BCB91 /* libopencv_wechat_qrcode.4.5.5.dylib in Frameworks */ = {isa = PBXBuildFile; fileRef = CBE98FE0280784CC007BCB91 /* libopencv_wechat_qrcode.4.5.5.dylib */; };
		CBE99019280784CD007BCB91 /* libopencv_text.4.5.5.dylib in Frameworks */ = {isa = PBXBuildFile; fileRef = CBE98FE1280784CC007BCB91 /* libopencv_text.4.5.5.dylib */; };
		CBE9901A280784CD007BCB91 /* libopencv_barcode.4.5.5.dylib in Frameworks */ = {isa = PBXBuildFile; fileRef = CBE98FE2280784CC007BCB91 /* libopencv_barcode.4.5.5.dylib */; };
		CBE9901B280784CD007BCB91 /* libopencv_core.4.5.5.dylib in Frameworks */ = {isa = PBXBuildFile; fileRef = CBE98FE3280784CC007BCB91 /* libopencv_core.4.5.5.dylib */; };
		CBE9901C280784CD007BCB91 /* libopencv_sfm.4.5.5.dylib in Frameworks */ = {isa = PBXBuildFile; fileRef = CBE98FE4280784CC007BCB91 /* libopencv_sfm.4.5.5.dylib */; };
		CBE9901D280784CD007BCB91 /* libopencv_stereo.4.5.5.dylib in Frameworks */ = {isa = PBXBuildFile; fileRef = CBE98FE5280784CC007BCB91 /* libopencv_stereo.4.5.5.dylib */; };
		CBE9901E280784CD007BCB91 /* libopencv_tracking.4.5.5.dylib in Frameworks */ = {isa = PBXBuildFile; fileRef = CBE98FE6280784CC007BCB91 /* libopencv_tracking.4.5.5.dylib */; };
		CBE9901F280784CD007BCB91 /* libopencv_imgcodecs.4.5.5.dylib in Frameworks */ = {isa = PBXBuildFile; fileRef = CBE98FE7280784CC007BCB91 /* libopencv_imgcodecs.4.5.5.dylib */; };
		CBE99020280784CD007BCB91 /* libopencv_phase_unwrapping.4.5.5.dylib in Frameworks */ = {isa = PBXBuildFile; fileRef = CBE98FE8280784CC007BCB91 /* libopencv_phase_unwrapping.4.5.5.dylib */; };
		CBE99021280784CD007BCB91 /* libopencv_fuzzy.4.5.5.dylib in Frameworks */ = {isa = PBXBuildFile; fileRef = CBE98FE9280784CC007BCB91 /* libopencv_fuzzy.4.5.5.dylib */; };
		CBE99022280784CD007BCB91 /* libopencv_line_descriptor.4.5.5.dylib in Frameworks */ = {isa = PBXBuildFile; fileRef = CBE98FEA280784CD007BCB91 /* libopencv_line_descriptor.4.5.5.dylib */; };
		CBE99023280784CD007BCB91 /* libopencv_xobjdetect.4.5.5.dylib in Frameworks */ = {isa = PBXBuildFile; fileRef = CBE98FEB280784CD007BCB91 /* libopencv_xobjdetect.4.5.5.dylib */; };
		CBE99024280784CD007BCB91 /* libopencv_plot.4.5.5.dylib in Frameworks */ = {isa = PBXBuildFile; fileRef = CBE98FEC280784CD007BCB91 /* libopencv_plot.4.5.5.dylib */; };
		CBE99025280784CD007BCB91 /* libopencv_highgui.4.5.5.dylib in Frameworks */ = {isa = PBXBuildFile; fileRef = CBE98FED280784CD007BCB91 /* libopencv_highgui.4.5.5.dylib */; };
		CBE99026280784CD007BCB91 /* libopencv_xfeatures2d.4.5.5.dylib in Frameworks */ = {isa = PBXBuildFile; fileRef = CBE98FEE280784CD007BCB91 /* libopencv_xfeatures2d.4.5.5.dylib */; };
		CBE99027280784CD007BCB91 /* libopencv_rapid.4.5.5.dylib in Frameworks */ = {isa = PBXBuildFile; fileRef = CBE98FEF280784CD007BCB91 /* libopencv_rapid.4.5.5.dylib */; };
		CBE99028280784CD007BCB91 /* libopencv_structured_light.4.5.5.dylib in Frameworks */ = {isa = PBXBuildFile; fileRef = CBE98FF0280784CD007BCB91 /* libopencv_structured_light.4.5.5.dylib */; };
		CBE99029280784CD007BCB91 /* libopencv_hfs.4.5.5.dylib in Frameworks */ = {isa = PBXBuildFile; fileRef = CBE98FF1280784CD007BCB91 /* libopencv_hfs.4.5.5.dylib */; };
		CBE9902A280784CD007BCB91 /* libopencv_face.4.5.5.dylib in Frameworks */ = {isa = PBXBuildFile; fileRef = CBE98FF2280784CD007BCB91 /* libopencv_face.4.5.5.dylib */; };
		CBE9902B280784CD007BCB91 /* libopencv_features2d.4.5.5.dylib in Frameworks */ = {isa = PBXBuildFile; fileRef = CBE98FF3280784CD007BCB91 /* libopencv_features2d.4.5.5.dylib */; };
		CBE9902C280784CD007BCB91 /* libopencv_intensity_transform.4.5.5.dylib in Frameworks */ = {isa = PBXBuildFile; fileRef = CBE98FF4280784CD007BCB91 /* libopencv_intensity_transform.4.5.5.dylib */; };
		CBE9902D280784CD007BCB91 /* libopencv_stitching.4.5.5.dylib in Frameworks */ = {isa = PBXBuildFile; fileRef = CBE98FF5280784CD007BCB91 /* libopencv_stitching.4.5.5.dylib */; };
		CBE9902E280784CD007BCB91 /* libopencv_datasets.4.5.5.dylib in Frameworks */ = {isa = PBXBuildFile; fileRef = CBE98FF6280784CD007BCB91 /* libopencv_datasets.4.5.5.dylib */; };
		CBE9902F280784CD007BCB91 /* libopencv_ximgproc.4.5.5.dylib in Frameworks */ = {isa = PBXBuildFile; fileRef = CBE98FF7280784CD007BCB91 /* libopencv_ximgproc.4.5.5.dylib */; };
		CBE99030280784CD007BCB91 /* libopencv_img_hash.4.5.5.dylib in Frameworks */ = {isa = PBXBuildFile; fileRef = CBE98FF8280784CD007BCB91 /* libopencv_img_hash.4.5.5.dylib */; };
		CBE99031280784CD007BCB91 /* libopencv_xphoto.4.5.5.dylib in Frameworks */ = {isa = PBXBuildFile; fileRef = CBE98FF9280784CD007BCB91 /* libopencv_xphoto.4.5.5.dylib */; };
		CBE99032280784CD007BCB91 /* libopencv_aruco.4.5.5.dylib in Frameworks */ = {isa = PBXBuildFile; fileRef = CBE98FFA280784CD007BCB91 /* libopencv_aruco.4.5.5.dylib */; };
		CBE99033280784CD007BCB91 /* libopencv_optflow.4.5.5.dylib in Frameworks */ = {isa = PBXBuildFile; fileRef = CBE98FFB280784CD007BCB91 /* libopencv_optflow.4.5.5.dylib */; };
		CBE99034280784CD007BCB91 /* libopencv_ml.4.5.5.dylib in Frameworks */ = {isa = PBXBuildFile; fileRef = CBE98FFC280784CD007BCB91 /* libopencv_ml.4.5.5.dylib */; };
/* End PBXBuildFile section */

/* Begin PBXCopyFilesBuildPhase section */
		CBE98F4228075E78007BCB91 /* CopyFiles */ = {
			isa = PBXCopyFilesBuildPhase;
			buildActionMask = 2147483647;
			dstPath = /usr/share/man/man1/;
			dstSubfolderSpec = 0;
			files = (
			);
			runOnlyForDeploymentPostprocessing = 1;
		};
/* End PBXCopyFilesBuildPhase section */

/* Begin PBXFileReference section */
		CBE98F4428075E78007BCB91 /* DocumentScanner */ = {isa = PBXFileReference; explicitFileType = "compiled.mach-o.executable"; includeInIndex = 0; path = DocumentScanner; sourceTree = BUILT_PRODUCTS_DIR; };
		CBE98F4728075E78007BCB91 /* main.cpp */ = {isa = PBXFileReference; lastKnownFileType = sourcecode.cpp.cpp; path = main.cpp; sourceTree = "<group>"; };
		CBE98FC02807837A007BCB91 /* DynamicLibraries */ = {isa = PBXFileReference; lastKnownFileType = folder; path = DynamicLibraries; sourceTree = "<group>"; };
		CBE98FC5280784CC007BCB91 /* libopencv_surface_matching.4.5.5.dylib */ = {isa = PBXFileReference; lastKnownFileType = "compiled.mach-o.dylib"; name = libopencv_surface_matching.4.5.5.dylib; path = DynamicLibraries/libopencv_surface_matching.4.5.5.dylib; sourceTree = "<group>"; };
		CBE98FC6280784CC007BCB91 /* libopencv_reg.4.5.5.dylib */ = {isa = PBXFileReference; lastKnownFileType = "compiled.mach-o.dylib"; name = libopencv_reg.4.5.5.dylib; path = DynamicLibraries/libopencv_reg.4.5.5.dylib; sourceTree = "<group>"; };
		CBE98FC7280784CC007BCB91 /* libopencv_saliency.4.5.5.dylib */ = {isa = PBXFileReference; lastKnownFileType = "compiled.mach-o.dylib"; name = libopencv_saliency.4.5.5.dylib; path = DynamicLibraries/libopencv_saliency.4.5.5.dylib; sourceTree = "<group>"; };
		CBE98FC8280784CC007BCB91 /* libopencv_bioinspired.4.5.5.dylib */ = {isa = PBXFileReference; lastKnownFileType = "compiled.mach-o.dylib"; name = libopencv_bioinspired.4.5.5.dylib; path = DynamicLibraries/libopencv_bioinspired.4.5.5.dylib; sourceTree = "<group>"; };
		CBE98FC9280784CC007BCB91 /* libopencv_ccalib.4.5.5.dylib */ = {isa = PBXFileReference; lastKnownFileType = "compiled.mach-o.dylib"; name = libopencv_ccalib.4.5.5.dylib; path = DynamicLibraries/libopencv_ccalib.4.5.5.dylib; sourceTree = "<group>"; };
		CBE98FCA280784CC007BCB91 /* libopencv_objdetect.4.5.5.dylib */ = {isa = PBXFileReference; lastKnownFileType = "compiled.mach-o.dylib"; name = libopencv_objdetect.4.5.5.dylib; path = DynamicLibraries/libopencv_objdetect.4.5.5.dylib; sourceTree = "<group>"; };
		CBE98FCB280784CC007BCB91 /* libopencv_alphamat.4.5.5.dylib */ = {isa = PBXFileReference; lastKnownFileType = "compiled.mach-o.dylib"; name = libopencv_alphamat.4.5.5.dylib; path = DynamicLibraries/libopencv_alphamat.4.5.5.dylib; sourceTree = "<group>"; };
		CBE98FCC280784CC007BCB91 /* libopencv_dnn.4.5.5.dylib */ = {isa = PBXFileReference; lastKnownFileType = "compiled.mach-o.dylib"; name = libopencv_dnn.4.5.5.dylib; path = DynamicLibraries/libopencv_dnn.4.5.5.dylib; sourceTree = "<group>"; };
		CBE98FCD280784CC007BCB91 /* libopencv_photo.4.5.5.dylib */ = {isa = PBXFileReference; lastKnownFileType = "compiled.mach-o.dylib"; name = libopencv_photo.4.5.5.dylib; path = DynamicLibraries/libopencv_photo.4.5.5.dylib; sourceTree = "<group>"; };
		CBE98FCE280784CC007BCB91 /* libopencv_dpm.4.5.5.dylib */ = {isa = PBXFileReference; lastKnownFileType = "compiled.mach-o.dylib"; name = libopencv_dpm.4.5.5.dylib; path = DynamicLibraries/libopencv_dpm.4.5.5.dylib; sourceTree = "<group>"; };
		CBE98FCF280784CC007BCB91 /* libopencv_rgbd.4.5.5.dylib */ = {isa = PBXFileReference; lastKnownFileType = "compiled.mach-o.dylib"; name = libopencv_rgbd.4.5.5.dylib; path = DynamicLibraries/libopencv_rgbd.4.5.5.dylib; sourceTree = "<group>"; };
		CBE98FD0280784CC007BCB91 /* libopencv_superres.4.5.5.dylib */ = {isa = PBXFileReference; lastKnownFileType = "compiled.mach-o.dylib"; name = libopencv_superres.4.5.5.dylib; path = DynamicLibraries/libopencv_superres.4.5.5.dylib; sourceTree = "<group>"; };
		CBE98FD1280784CC007BCB91 /* libopencv_quality.4.5.5.dylib */ = {isa = PBXFileReference; lastKnownFileType = "compiled.mach-o.dylib"; name = libopencv_quality.4.5.5.dylib; path = DynamicLibraries/libopencv_quality.4.5.5.dylib; sourceTree = "<group>"; };
		CBE98FD2280784CC007BCB91 /* libopencv_dnn_superres.4.5.5.dylib */ = {isa = PBXFileReference; lastKnownFileType = "compiled.mach-o.dylib"; name = libopencv_dnn_superres.4.5.5.dylib; path = DynamicLibraries/libopencv_dnn_superres.4.5.5.dylib; sourceTree = "<group>"; };
		CBE98FD3280784CC007BCB91 /* libopencv_videoio.4.5.5.dylib */ = {isa = PBXFileReference; lastKnownFileType = "compiled.mach-o.dylib"; name = libopencv_videoio.4.5.5.dylib; path = DynamicLibraries/libopencv_videoio.4.5.5.dylib; sourceTree = "<group>"; };
		CBE98FD4280784CC007BCB91 /* libopencv_dnn_objdetect.4.5.5.dylib */ = {isa = PBXFileReference; lastKnownFileType = "compiled.mach-o.dylib"; name = libopencv_dnn_objdetect.4.5.5.dylib; path = DynamicLibraries/libopencv_dnn_objdetect.4.5.5.dylib; sourceTree = "<group>"; };
		CBE98FD5280784CC007BCB91 /* libopencv_freetype.4.5.5.dylib */ = {isa = PBXFileReference; lastKnownFileType = "compiled.mach-o.dylib"; name = libopencv_freetype.4.5.5.dylib; path = DynamicLibraries/libopencv_freetype.4.5.5.dylib; sourceTree = "<group>"; };
		CBE98FD6280784CC007BCB91 /* libopencv_calib3d.4.5.5.dylib */ = {isa = PBXFileReference; lastKnownFileType = "compiled.mach-o.dylib"; name = libopencv_calib3d.4.5.5.dylib; path = DynamicLibraries/libopencv_calib3d.4.5.5.dylib; sourceTree = "<group>"; };
		CBE98FD7280784CC007BCB91 /* libopencv_shape.4.5.5.dylib */ = {isa = PBXFileReference; lastKnownFileType = "compiled.mach-o.dylib"; name = libopencv_shape.4.5.5.dylib; path = DynamicLibraries/libopencv_shape.4.5.5.dylib; sourceTree = "<group>"; };
		CBE98FD8280784CC007BCB91 /* libopencv_flann.4.5.5.dylib */ = {isa = PBXFileReference; lastKnownFileType = "compiled.mach-o.dylib"; name = libopencv_flann.4.5.5.dylib; path = DynamicLibraries/libopencv_flann.4.5.5.dylib; sourceTree = "<group>"; };
		CBE98FD9280784CC007BCB91 /* libopencv_gapi.4.5.5.dylib */ = {isa = PBXFileReference; lastKnownFileType = "compiled.mach-o.dylib"; name = libopencv_gapi.4.5.5.dylib; path = DynamicLibraries/libopencv_gapi.4.5.5.dylib; sourceTree = "<group>"; };
		CBE98FDA280784CC007BCB91 /* libopencv_bgsegm.4.5.5.dylib */ = {isa = PBXFileReference; lastKnownFileType = "compiled.mach-o.dylib"; name = libopencv_bgsegm.4.5.5.dylib; path = DynamicLibraries/libopencv_bgsegm.4.5.5.dylib; sourceTree = "<group>"; };
		CBE98FDB280784CC007BCB91 /* libopencv_viz.4.5.5.dylib */ = {isa = PBXFileReference; lastKnownFileType = "compiled.mach-o.dylib"; name = libopencv_viz.4.5.5.dylib; path = DynamicLibraries/libopencv_viz.4.5.5.dylib; sourceTree = "<group>"; };
		CBE98FDC280784CC007BCB91 /* libopencv_videostab.4.5.5.dylib */ = {isa = PBXFileReference; lastKnownFileType = "compiled.mach-o.dylib"; name = libopencv_videostab.4.5.5.dylib; path = DynamicLibraries/libopencv_videostab.4.5.5.dylib; sourceTree = "<group>"; };
		CBE98FDD280784CC007BCB91 /* libopencv_video.4.5.5.dylib */ = {isa = PBXFileReference; lastKnownFileType = "compiled.mach-o.dylib"; name = libopencv_video.4.5.5.dylib; path = DynamicLibraries/libopencv_video.4.5.5.dylib; sourceTree = "<group>"; };
		CBE98FDE280784CC007BCB91 /* libopencv_imgproc.4.5.5.dylib */ = {isa = PBXFileReference; lastKnownFileType = "compiled.mach-o.dylib"; name = libopencv_imgproc.4.5.5.dylib; path = DynamicLibraries/libopencv_imgproc.4.5.5.dylib; sourceTree = "<group>"; };
		CBE98FDF280784CC007BCB91 /* libopencv_mcc.4.5.5.dylib */ = {isa = PBXFileReference; lastKnownFileType = "compiled.mach-o.dylib"; name = libopencv_mcc.4.5.5.dylib; path = DynamicLibraries/libopencv_mcc.4.5.5.dylib; sourceTree = "<group>"; };
		CBE98FE0280784CC007BCB91 /* libopencv_wechat_qrcode.4.5.5.dylib */ = {isa = PBXFileReference; lastKnownFileType = "compiled.mach-o.dylib"; name = libopencv_wechat_qrcode.4.5.5.dylib; path = DynamicLibraries/libopencv_wechat_qrcode.4.5.5.dylib; sourceTree = "<group>"; };
		CBE98FE1280784CC007BCB91 /* libopencv_text.4.5.5.dylib */ = {isa = PBXFileReference; lastKnownFileType = "compiled.mach-o.dylib"; name = libopencv_text.4.5.5.dylib; path = DynamicLibraries/libopencv_text.4.5.5.dylib; sourceTree = "<group>"; };
		CBE98FE2280784CC007BCB91 /* libopencv_barcode.4.5.5.dylib */ = {isa = PBXFileReference; lastKnownFileType = "compiled.mach-o.dylib"; name = libopencv_barcode.4.5.5.dylib; path = DynamicLibraries/libopencv_barcode.4.5.5.dylib; sourceTree = "<group>"; };
		CBE98FE3280784CC007BCB91 /* libopencv_core.4.5.5.dylib */ = {isa = PBXFileReference; lastKnownFileType = "compiled.mach-o.dylib"; name = libopencv_core.4.5.5.dylib; path = DynamicLibraries/libopencv_core.4.5.5.dylib; sourceTree = "<group>"; };
		CBE98FE4280784CC007BCB91 /* libopencv_sfm.4.5.5.dylib */ = {isa = PBXFileReference; lastKnownFileType = "compiled.mach-o.dylib"; name = libopencv_sfm.4.5.5.dylib; path = DynamicLibraries/libopencv_sfm.4.5.5.dylib; sourceTree = "<group>"; };
		CBE98FE5280784CC007BCB91 /* libopencv_stereo.4.5.5.dylib */ = {isa = PBXFileReference; lastKnownFileType = "compiled.mach-o.dylib"; name = libopencv_stereo.4.5.5.dylib; path = DynamicLibraries/libopencv_stereo.4.5.5.dylib; sourceTree = "<group>"; };
		CBE98FE6280784CC007BCB91 /* libopencv_tracking.4.5.5.dylib */ = {isa = PBXFileReference; lastKnownFileType = "compiled.mach-o.dylib"; name = libopencv_tracking.4.5.5.dylib; path = DynamicLibraries/libopencv_tracking.4.5.5.dylib; sourceTree = "<group>"; };
		CBE98FE7280784CC007BCB91 /* libopencv_imgcodecs.4.5.5.dylib */ = {isa = PBXFileReference; lastKnownFileType = "compiled.mach-o.dylib"; name = libopencv_imgcodecs.4.5.5.dylib; path = DynamicLibraries/libopencv_imgcodecs.4.5.5.dylib; sourceTree = "<group>"; };
		CBE98FE8280784CC007BCB91 /* libopencv_phase_unwrapping.4.5.5.dylib */ = {isa = PBXFileReference; lastKnownFileType = "compiled.mach-o.dylib"; name = libopencv_phase_unwrapping.4.5.5.dylib; path = DynamicLibraries/libopencv_phase_unwrapping.4.5.5.dylib; sourceTree = "<group>"; };
		CBE98FE9280784CC007BCB91 /* libopencv_fuzzy.4.5.5.dylib */ = {isa = PBXFileReference; lastKnownFileType = "compiled.mach-o.dylib"; name = libopencv_fuzzy.4.5.5.dylib; path = DynamicLibraries/libopencv_fuzzy.4.5.5.dylib; sourceTree = "<group>"; };
		CBE98FEA280784CD007BCB91 /* libopencv_line_descriptor.4.5.5.dylib */ = {isa = PBXFileReference; lastKnownFileType = "compiled.mach-o.dylib"; name = libopencv_line_descriptor.4.5.5.dylib; path = DynamicLibraries/libopencv_line_descriptor.4.5.5.dylib; sourceTree = "<group>"; };
		CBE98FEB280784CD007BCB91 /* libopencv_xobjdetect.4.5.5.dylib */ = {isa = PBXFileReference; lastKnownFileType = "compiled.mach-o.dylib"; name = libopencv_xobjdetect.4.5.5.dylib; path = DynamicLibraries/libopencv_xobjdetect.4.5.5.dylib; sourceTree = "<group>"; };
		CBE98FEC280784CD007BCB91 /* libopencv_plot.4.5.5.dylib */ = {isa = PBXFileReference; lastKnownFileType = "compiled.mach-o.dylib"; name = libopencv_plot.4.5.5.dylib; path = DynamicLibraries/libopencv_plot.4.5.5.dylib; sourceTree = "<group>"; };
		CBE98FED280784CD007BCB91 /* libopencv_highgui.4.5.5.dylib */ = {isa = PBXFileReference; lastKnownFileType = "compiled.mach-o.dylib"; name = libopencv_highgui.4.5.5.dylib; path = DynamicLibraries/libopencv_highgui.4.5.5.dylib; sourceTree = "<group>"; };
		CBE98FEE280784CD007BCB91 /* libopencv_xfeatures2d.4.5.5.dylib */ = {isa = PBXFileReference; lastKnownFileType = "compiled.mach-o.dylib"; name = libopencv_xfeatures2d.4.5.5.dylib; path = DynamicLibraries/libopencv_xfeatures2d.4.5.5.dylib; sourceTree = "<group>"; };
		CBE98FEF280784CD007BCB91 /* libopencv_rapid.4.5.5.dylib */ = {isa = PBXFileReference; lastKnownFileType = "compiled.mach-o.dylib"; name = libopencv_rapid.4.5.5.dylib; path = DynamicLibraries/libopencv_rapid.4.5.5.dylib; sourceTree = "<group>"; };
		CBE98FF0280784CD007BCB91 /* libopencv_structured_light.4.5.5.dylib */ = {isa = PBXFileReference; lastKnownFileType = "compiled.mach-o.dylib"; name = libopencv_structured_light.4.5.5.dylib; path = DynamicLibraries/libopencv_structured_light.4.5.5.dylib; sourceTree = "<group>"; };
		CBE98FF1280784CD007BCB91 /* libopencv_hfs.4.5.5.dylib */ = {isa = PBXFileReference; lastKnownFileType = "compiled.mach-o.dylib"; name = libopencv_hfs.4.5.5.dylib; path = DynamicLibraries/libopencv_hfs.4.5.5.dylib; sourceTree = "<group>"; };
		CBE98FF2280784CD007BCB91 /* libopencv_face.4.5.5.dylib */ = {isa = PBXFileReference; lastKnownFileType = "compiled.mach-o.dylib"; name = libopencv_face.4.5.5.dylib; path = DynamicLibraries/libopencv_face.4.5.5.dylib; sourceTree = "<group>"; };
		CBE98FF3280784CD007BCB91 /* libopencv_features2d.4.5.5.dylib */ = {isa = PBXFileReference; lastKnownFileType = "compiled.mach-o.dylib"; name = libopencv_features2d.4.5.5.dylib; path = DynamicLibraries/libopencv_features2d.4.5.5.dylib; sourceTree = "<group>"; };
		CBE98FF4280784CD007BCB91 /* libopencv_intensity_transform.4.5.5.dylib */ = {isa = PBXFileReference; lastKnownFileType = "compiled.mach-o.dylib"; name = libopencv_intensity_transform.4.5.5.dylib; path = DynamicLibraries/libopencv_intensity_transform.4.5.5.dylib; sourceTree = "<group>"; };
		CBE98FF5280784CD007BCB91 /* libopencv_stitching.4.5.5.dylib */ = {isa = PBXFileReference; lastKnownFileType = "compiled.mach-o.dylib"; name = libopencv_stitching.4.5.5.dylib; path = DynamicLibraries/libopencv_stitching.4.5.5.dylib; sourceTree = "<group>"; };
		CBE98FF6280784CD007BCB91 /* libopencv_datasets.4.5.5.dylib */ = {isa = PBXFileReference; lastKnownFileType = "compiled.mach-o.dylib"; name = libopencv_datasets.4.5.5.dylib; path = DynamicLibraries/libopencv_datasets.4.5.5.dylib; sourceTree = "<group>"; };
		CBE98FF7280784CD007BCB91 /* libopencv_ximgproc.4.5.5.dylib */ = {isa = PBXFileReference; lastKnownFileType = "compiled.mach-o.dylib"; name = libopencv_ximgproc.4.5.5.dylib; path = DynamicLibraries/libopencv_ximgproc.4.5.5.dylib; sourceTree = "<group>"; };
		CBE98FF8280784CD007BCB91 /* libopencv_img_hash.4.5.5.dylib */ = {isa = PBXFileReference; lastKnownFileType = "compiled.mach-o.dylib"; name = libopencv_img_hash.4.5.5.dylib; path = DynamicLibraries/libopencv_img_hash.4.5.5.dylib; sourceTree = "<group>"; };
		CBE98FF9280784CD007BCB91 /* libopencv_xphoto.4.5.5.dylib */ = {isa = PBXFileReference; lastKnownFileType = "compiled.mach-o.dylib"; name = libopencv_xphoto.4.5.5.dylib; path = DynamicLibraries/libopencv_xphoto.4.5.5.dylib; sourceTree = "<group>"; };
		CBE98FFA280784CD007BCB91 /* libopencv_aruco.4.5.5.dylib */ = {isa = PBXFileReference; lastKnownFileType = "compiled.mach-o.dylib"; name = libopencv_aruco.4.5.5.dylib; path = DynamicLibraries/libopencv_aruco.4.5.5.dylib; sourceTree = "<group>"; };
		CBE98FFB280784CD007BCB91 /* libopencv_optflow.4.5.5.dylib */ = {isa = PBXFileReference; lastKnownFileType = "compiled.mach-o.dylib"; name = libopencv_optflow.4.5.5.dylib; path = DynamicLibraries/libopencv_optflow.4.5.5.dylib; sourceTree = "<group>"; };
		CBE98FFC280784CD007BCB91 /* libopencv_ml.4.5.5.dylib */ = {isa = PBXFileReference; lastKnownFileType = "compiled.mach-o.dylib"; name = libopencv_ml.4.5.5.dylib; path = DynamicLibraries/libopencv_ml.4.5.5.dylib; sourceTree = "<group>"; };
/* End PBXFileReference section */

/* Begin PBXFrameworksBuildPhase section */
		CBE98F4128075E78007BCB91 /* Frameworks */ = {
			isa = PBXFrameworksBuildPhase;
			buildActionMask = 2147483647;
			files = (
				CBE99020280784CD007BCB91 /* libopencv_phase_unwrapping.4.5.5.dylib in Frameworks */,
				CBE9901E280784CD007BCB91 /* libopencv_tracking.4.5.5.dylib in Frameworks */,
				CBE99012280784CD007BCB91 /* libopencv_bgsegm.4.5.5.dylib in Frameworks */,
				CBE9901D280784CD007BCB91 /* libopencv_stereo.4.5.5.dylib in Frameworks */,
				CBE99034280784CD007BCB91 /* libopencv_ml.4.5.5.dylib in Frameworks */,
				CBE99002280784CD007BCB91 /* libopencv_objdetect.4.5.5.dylib in Frameworks */,
				CBE99028280784CD007BCB91 /* libopencv_structured_light.4.5.5.dylib in Frameworks */,
				CBE99021280784CD007BCB91 /* libopencv_fuzzy.4.5.5.dylib in Frameworks */,
				CBE9902D280784CD007BCB91 /* libopencv_stitching.4.5.5.dylib in Frameworks */,
				CBE99006280784CD007BCB91 /* libopencv_dpm.4.5.5.dylib in Frameworks */,
				CBE99013280784CD007BCB91 /* libopencv_viz.4.5.5.dylib in Frameworks */,
				CBE99027280784CD007BCB91 /* libopencv_rapid.4.5.5.dylib in Frameworks */,
				CBE99008280784CD007BCB91 /* libopencv_superres.4.5.5.dylib in Frameworks */,
				CBE99003280784CD007BCB91 /* libopencv_alphamat.4.5.5.dylib in Frameworks */,
				CBE9900E280784CD007BCB91 /* libopencv_calib3d.4.5.5.dylib in Frameworks */,
				CBE9902F280784CD007BCB91 /* libopencv_ximgproc.4.5.5.dylib in Frameworks */,
				CBE99000280784CD007BCB91 /* libopencv_bioinspired.4.5.5.dylib in Frameworks */,
				CBE98FFF280784CD007BCB91 /* libopencv_saliency.4.5.5.dylib in Frameworks */,
				CBE99030280784CD007BCB91 /* libopencv_img_hash.4.5.5.dylib in Frameworks */,
				CBE99004280784CD007BCB91 /* libopencv_dnn.4.5.5.dylib in Frameworks */,
				CBE9901C280784CD007BCB91 /* libopencv_sfm.4.5.5.dylib in Frameworks */,
				CBE99026280784CD007BCB91 /* libopencv_xfeatures2d.4.5.5.dylib in Frameworks */,
				CBE98FFE280784CD007BCB91 /* libopencv_reg.4.5.5.dylib in Frameworks */,
				CBE99032280784CD007BCB91 /* libopencv_aruco.4.5.5.dylib in Frameworks */,
				CBE99014280784CD007BCB91 /* libopencv_videostab.4.5.5.dylib in Frameworks */,
				CBE99011280784CD007BCB91 /* libopencv_gapi.4.5.5.dylib in Frameworks */,
				CBE99005280784CD007BCB91 /* libopencv_photo.4.5.5.dylib in Frameworks */,
				CBE9900D280784CD007BCB91 /* libopencv_freetype.4.5.5.dylib in Frameworks */,
				CBE99024280784CD007BCB91 /* libopencv_plot.4.5.5.dylib in Frameworks */,
				CBE99025280784CD007BCB91 /* libopencv_highgui.4.5.5.dylib in Frameworks */,
				CBE9900C280784CD007BCB91 /* libopencv_dnn_objdetect.4.5.5.dylib in Frameworks */,
				CBE9900A280784CD007BCB91 /* libopencv_dnn_superres.4.5.5.dylib in Frameworks */,
				CBE99017280784CD007BCB91 /* libopencv_mcc.4.5.5.dylib in Frameworks */,
				CBE9901B280784CD007BCB91 /* libopencv_core.4.5.5.dylib in Frameworks */,
				CBE9902E280784CD007BCB91 /* libopencv_datasets.4.5.5.dylib in Frameworks */,
				CBE99010280784CD007BCB91 /* libopencv_flann.4.5.5.dylib in Frameworks */,
				CBE99033280784CD007BCB91 /* libopencv_optflow.4.5.5.dylib in Frameworks */,
				CBE99019280784CD007BCB91 /* libopencv_text.4.5.5.dylib in Frameworks */,
				CBE9902B280784CD007BCB91 /* libopencv_features2d.4.5.5.dylib in Frameworks */,
				CBE99023280784CD007BCB91 /* libopencv_xobjdetect.4.5.5.dylib in Frameworks */,
				CBE9900F280784CD007BCB91 /* libopencv_shape.4.5.5.dylib in Frameworks */,
				CBE99001280784CD007BCB91 /* libopencv_ccalib.4.5.5.dylib in Frameworks */,
				CBE99029280784CD007BCB91 /* libopencv_hfs.4.5.5.dylib in Frameworks */,
				CBE98FFD280784CD007BCB91 /* libopencv_surface_matching.4.5.5.dylib in Frameworks */,
				CBE99007280784CD007BCB91 /* libopencv_rgbd.4.5.5.dylib in Frameworks */,
				CBE9902C280784CD007BCB91 /* libopencv_intensity_transform.4.5.5.dylib in Frameworks */,
				CBE9901A280784CD007BCB91 /* libopencv_barcode.4.5.5.dylib in Frameworks */,
				CBE99018280784CD007BCB91 /* libopencv_wechat_qrcode.4.5.5.dylib in Frameworks */,
				CBE99009280784CD007BCB91 /* libopencv_quality.4.5.5.dylib in Frameworks */,
				CBE99031280784CD007BCB91 /* libopencv_xphoto.4.5.5.dylib in Frameworks */,
				CBE99016280784CD007BCB91 /* libopencv_imgproc.4.5.5.dylib in Frameworks */,
				CBE9901F280784CD007BCB91 /* libopencv_imgcodecs.4.5.5.dylib in Frameworks */,
				CBE9900B280784CD007BCB91 /* libopencv_videoio.4.5.5.dylib in Frameworks */,
				CBE99022280784CD007BCB91 /* libopencv_line_descriptor.4.5.5.dylib in Frameworks */,
				CBE9902A280784CD007BCB91 /* libopencv_face.4.5.5.dylib in Frameworks */,
				CBE99015280784CD007BCB91 /* libopencv_video.4.5.5.dylib in Frameworks */,
			);
			runOnlyForDeploymentPostprocessing = 0;
		};
/* End PBXFrameworksBuildPhase section */

/* Begin PBXGroup section */
		CBE98F3B28075E78007BCB91 = {
			isa = PBXGroup;
			children = (
				CBE98FCB280784CC007BCB91 /* libopencv_alphamat.4.5.5.dylib */,
				CBE98FFA280784CD007BCB91 /* libopencv_aruco.4.5.5.dylib */,
				CBE98FE2280784CC007BCB91 /* libopencv_barcode.4.5.5.dylib */,
				CBE98FDA280784CC007BCB91 /* libopencv_bgsegm.4.5.5.dylib */,
				CBE98FC8280784CC007BCB91 /* libopencv_bioinspired.4.5.5.dylib */,
				CBE98FD6280784CC007BCB91 /* libopencv_calib3d.4.5.5.dylib */,
				CBE98FC9280784CC007BCB91 /* libopencv_ccalib.4.5.5.dylib */,
				CBE98FE3280784CC007BCB91 /* libopencv_core.4.5.5.dylib */,
				CBE98FF6280784CD007BCB91 /* libopencv_datasets.4.5.5.dylib */,
				CBE98FD4280784CC007BCB91 /* libopencv_dnn_objdetect.4.5.5.dylib */,
				CBE98FD2280784CC007BCB91 /* libopencv_dnn_superres.4.5.5.dylib */,
				CBE98FCC280784CC007BCB91 /* libopencv_dnn.4.5.5.dylib */,
				CBE98FCE280784CC007BCB91 /* libopencv_dpm.4.5.5.dylib */,
				CBE98FF2280784CD007BCB91 /* libopencv_face.4.5.5.dylib */,
				CBE98FF3280784CD007BCB91 /* libopencv_features2d.4.5.5.dylib */,
				CBE98FD8280784CC007BCB91 /* libopencv_flann.4.5.5.dylib */,
				CBE98FD5280784CC007BCB91 /* libopencv_freetype.4.5.5.dylib */,
				CBE98FE9280784CC007BCB91 /* libopencv_fuzzy.4.5.5.dylib */,
				CBE98FD9280784CC007BCB91 /* libopencv_gapi.4.5.5.dylib */,
				CBE98FF1280784CD007BCB91 /* libopencv_hfs.4.5.5.dylib */,
				CBE98FED280784CD007BCB91 /* libopencv_highgui.4.5.5.dylib */,
				CBE98FF8280784CD007BCB91 /* libopencv_img_hash.4.5.5.dylib */,
				CBE98FE7280784CC007BCB91 /* libopencv_imgcodecs.4.5.5.dylib */,
				CBE98FDE280784CC007BCB91 /* libopencv_imgproc.4.5.5.dylib */,
				CBE98FF4280784CD007BCB91 /* libopencv_intensity_transform.4.5.5.dylib */,
				CBE98FEA280784CD007BCB91 /* libopencv_line_descriptor.4.5.5.dylib */,
				CBE98FDF280784CC007BCB91 /* libopencv_mcc.4.5.5.dylib */,
				CBE98FFC280784CD007BCB91 /* libopencv_ml.4.5.5.dylib */,
				CBE98FCA280784CC007BCB91 /* libopencv_objdetect.4.5.5.dylib */,
				CBE98FFB280784CD007BCB91 /* libopencv_optflow.4.5.5.dylib */,
				CBE98FE8280784CC007BCB91 /* libopencv_phase_unwrapping.4.5.5.dylib */,
				CBE98FCD280784CC007BCB91 /* libopencv_photo.4.5.5.dylib */,
				CBE98FEC280784CD007BCB91 /* libopencv_plot.4.5.5.dylib */,
				CBE98FD1280784CC007BCB91 /* libopencv_quality.4.5.5.dylib */,
				CBE98FEF280784CD007BCB91 /* libopencv_rapid.4.5.5.dylib */,
				CBE98FC6280784CC007BCB91 /* libopencv_reg.4.5.5.dylib */,
				CBE98FCF280784CC007BCB91 /* libopencv_rgbd.4.5.5.dylib */,
				CBE98FC7280784CC007BCB91 /* libopencv_saliency.4.5.5.dylib */,
				CBE98FE4280784CC007BCB91 /* libopencv_sfm.4.5.5.dylib */,
				CBE98FD7280784CC007BCB91 /* libopencv_shape.4.5.5.dylib */,
				CBE98FE5280784CC007BCB91 /* libopencv_stereo.4.5.5.dylib */,
				CBE98FF5280784CD007BCB91 /* libopencv_stitching.4.5.5.dylib */,
				CBE98FF0280784CD007BCB91 /* libopencv_structured_light.4.5.5.dylib */,
				CBE98FD0280784CC007BCB91 /* libopencv_superres.4.5.5.dylib */,
				CBE98FC5280784CC007BCB91 /* libopencv_surface_matching.4.5.5.dylib */,
				CBE98FE1280784CC007BCB91 /* libopencv_text.4.5.5.dylib */,
				CBE98FE6280784CC007BCB91 /* libopencv_tracking.4.5.5.dylib */,
				CBE98FDD280784CC007BCB91 /* libopencv_video.4.5.5.dylib */,
				CBE98FD3280784CC007BCB91 /* libopencv_videoio.4.5.5.dylib */,
				CBE98FDC280784CC007BCB91 /* libopencv_videostab.4.5.5.dylib */,
				CBE98FDB280784CC007BCB91 /* libopencv_viz.4.5.5.dylib */,
				CBE98FE0280784CC007BCB91 /* libopencv_wechat_qrcode.4.5.5.dylib */,
				CBE98FEE280784CD007BCB91 /* libopencv_xfeatures2d.4.5.5.dylib */,
				CBE98FF7280784CD007BCB91 /* libopencv_ximgproc.4.5.5.dylib */,
				CBE98FEB280784CD007BCB91 /* libopencv_xobjdetect.4.5.5.dylib */,
				CBE98FF9280784CD007BCB91 /* libopencv_xphoto.4.5.5.dylib */,
				CBE98FC02807837A007BCB91 /* DynamicLibraries */,
				CBE98F4628075E78007BCB91 /* DocumentScanner */,
				CBE98F4528075E78007BCB91 /* Products */,
			);
			sourceTree = "<group>";
		};
		CBE98F4528075E78007BCB91 /* Products */ = {
			isa = PBXGroup;
			children = (
				CBE98F4428075E78007BCB91 /* DocumentScanner */,
			);
			name = Products;
			sourceTree = "<group>";
		};
		CBE98F4628075E78007BCB91 /* DocumentScanner */ = {
			isa = PBXGroup;
			children = (
				CBE98F4728075E78007BCB91 /* main.cpp */,
			);
			path = DocumentScanner;
			sourceTree = "<group>";
		};
/* End PBXGroup section */

/* Begin PBXNativeTarget section */
		CBE98F4328075E78007BCB91 /* DocumentScanner */ = {
			isa = PBXNativeTarget;
			buildConfigurationList = CBE98F4B28075E78007BCB91 /* Build configuration list for PBXNativeTarget "DocumentScanner" */;
			buildPhases = (
				CBE98F4028075E78007BCB91 /* Sources */,
				CBE98F4128075E78007BCB91 /* Frameworks */,
				CBE98F4228075E78007BCB91 /* CopyFiles */,
			);
			buildRules = (
			);
			dependencies = (
			);
			name = DocumentScanner;
			productName = DocumentScanner;
			productReference = CBE98F4428075E78007BCB91 /* DocumentScanner */;
			productType = "com.apple.product-type.tool";
		};
/* End PBXNativeTarget section */

/* Begin PBXProject section */
		CBE98F3C28075E78007BCB91 /* Project object */ = {
			isa = PBXProject;
			attributes = {
				BuildIndependentTargetsInParallel = 1;
				LastUpgradeCheck = 1330;
				TargetAttributes = {
					CBE98F4328075E78007BCB91 = {
						CreatedOnToolsVersion = 13.3.1;
					};
				};
			};
			buildConfigurationList = CBE98F3F28075E78007BCB91 /* Build configuration list for PBXProject "DocumentScanner" */;
			compatibilityVersion = "Xcode 13.0";
			developmentRegion = en;
			hasScannedForEncodings = 0;
			knownRegions = (
				en,
				Base,
			);
			mainGroup = CBE98F3B28075E78007BCB91;
			productRefGroup = CBE98F4528075E78007BCB91 /* Products */;
			projectDirPath = "";
			projectRoot = "";
			targets = (
				CBE98F4328075E78007BCB91 /* DocumentScanner */,
			);
		};
/* End PBXProject section */

/* Begin PBXSourcesBuildPhase section */
		CBE98F4028075E78007BCB91 /* Sources */ = {
			isa = PBXSourcesBuildPhase;
			buildActionMask = 2147483647;
			files = (
				CBE98F4828075E78007BCB91 /* main.cpp in Sources */,
			);
			runOnlyForDeploymentPostprocessing = 0;
		};
/* End PBXSourcesBuildPhase section */

/* Begin XCBuildConfiguration section */
		CBE98F4928075E78007BCB91 /* Debug */ = {
			isa = XCBuildConfiguration;
			buildSettings = {
				ALWAYS_SEARCH_USER_PATHS = NO;
				CLANG_ANALYZER_NONNULL = YES;
				CLANG_ANALYZER_NUMBER_OBJECT_CONVERSION = YES_AGGRESSIVE;
				CLANG_CXX_LANGUAGE_STANDARD = "gnu++17";
				CLANG_ENABLE_MODULES = YES;
				CLANG_ENABLE_OBJC_ARC = YES;
				CLANG_ENABLE_OBJC_WEAK = YES;
				CLANG_WARN_BLOCK_CAPTURE_AUTORELEASING = YES;
				CLANG_WARN_BOOL_CONVERSION = YES;
				CLANG_WARN_COMMA = YES;
				CLANG_WARN_CONSTANT_CONVERSION = YES;
				CLANG_WARN_DEPRECATED_OBJC_IMPLEMENTATIONS = YES;
				CLANG_WARN_DIRECT_OBJC_ISA_USAGE = YES_ERROR;
				CLANG_WARN_DOCUMENTATION_COMMENTS = YES;
				CLANG_WARN_EMPTY_BODY = YES;
				CLANG_WARN_ENUM_CONVERSION = YES;
				CLANG_WARN_INFINITE_RECURSION = YES;
				CLANG_WARN_INT_CONVERSION = YES;
				CLANG_WARN_NON_LITERAL_NULL_CONVERSION = YES;
				CLANG_WARN_OBJC_IMPLICIT_RETAIN_SELF = YES;
				CLANG_WARN_OBJC_LITERAL_CONVERSION = YES;
				CLANG_WARN_OBJC_ROOT_CLASS = YES_ERROR;
				CLANG_WARN_QUOTED_INCLUDE_IN_FRAMEWORK_HEADER = YES;
				CLANG_WARN_RANGE_LOOP_ANALYSIS = YES;
				CLANG_WARN_STRICT_PROTOTYPES = YES;
				CLANG_WARN_SUSPICIOUS_MOVE = YES;
				CLANG_WARN_UNGUARDED_AVAILABILITY = YES_AGGRESSIVE;
				CLANG_WARN_UNREACHABLE_CODE = YES;
				CLANG_WARN__DUPLICATE_METHOD_MATCH = YES;
				COPY_PHASE_STRIP = NO;
				DEBUG_INFORMATION_FORMAT = dwarf;
				ENABLE_STRICT_OBJC_MSGSEND = YES;
				ENABLE_TESTABILITY = YES;
				GCC_C_LANGUAGE_STANDARD = gnu11;
				GCC_DYNAMIC_NO_PIC = NO;
				GCC_NO_COMMON_BLOCKS = YES;
				GCC_OPTIMIZATION_LEVEL = 0;
				GCC_PREPROCESSOR_DEFINITIONS = (
					"DEBUG=1",
					"$(inherited)",
				);
				GCC_WARN_64_TO_32_BIT_CONVERSION = YES;
				GCC_WARN_ABOUT_RETURN_TYPE = YES_ERROR;
				GCC_WARN_UNDECLARED_SELECTOR = YES;
				GCC_WARN_UNINITIALIZED_AUTOS = YES_AGGRESSIVE;
				GCC_WARN_UNUSED_FUNCTION = YES;
				GCC_WARN_UNUSED_VARIABLE = YES;
				MACOSX_DEPLOYMENT_TARGET = 12.3;
				MTL_ENABLE_DEBUG_INFO = INCLUDE_SOURCE;
				MTL_FAST_MATH = YES;
				ONLY_ACTIVE_ARCH = YES;
				SDKROOT = macosx;
			};
			name = Debug;
		};
		CBE98F4A28075E78007BCB91 /* Release */ = {
			isa = XCBuildConfiguration;
			buildSettings = {
				ALWAYS_SEARCH_USER_PATHS = NO;
				CLANG_ANALYZER_NONNULL = YES;
				CLANG_ANALYZER_NUMBER_OBJECT_CONVERSION = YES_AGGRESSIVE;
				CLANG_CXX_LANGUAGE_STANDARD = "gnu++17";
				CLANG_ENABLE_MODULES = YES;
				CLANG_ENABLE_OBJC_ARC = YES;
				CLANG_ENABLE_OBJC_WEAK = YES;
				CLANG_WARN_BLOCK_CAPTURE_AUTORELEASING = YES;
				CLANG_WARN_BOOL_CONVERSION = YES;
				CLANG_WARN_COMMA = YES;
				CLANG_WARN_CONSTANT_CONVERSION = YES;
				CLANG_WARN_DEPRECATED_OBJC_IMPLEMENTATIONS = YES;
				CLANG_WARN_DIRECT_OBJC_ISA_USAGE = YES_ERROR;
				CLANG_WARN_DOCUMENTATION_COMMENTS = YES;
				CLANG_WARN_EMPTY_BODY = YES;
				CLANG_WARN_ENUM_CONVERSION = YES;
				CLANG_WARN_INFINITE_RECURSION = YES;
				CLANG_WARN_INT_CONVERSION = YES;
				CLANG_WARN_NON_LITERAL_NULL_CONVERSION = YES;
				CLANG_WARN_OBJC_IMPLICIT_RETAIN_SELF = YES;
				CLANG_WARN_OBJC_LITERAL_CONVERSION = YES;
				CLANG_WARN_OBJC_ROOT_CLASS = YES_ERROR;
				CLANG_WARN_QUOTED_INCLUDE_IN_FRAMEWORK_HEADER = YES;
				CLANG_WARN_RANGE_LOOP_ANALYSIS = YES;
				CLANG_WARN_STRICT_PROTOTYPES = YES;
				CLANG_WARN_SUSPICIOUS_MOVE = YES;
				CLANG_WARN_UNGUARDED_AVAILABILITY = YES_AGGRESSIVE;
				CLANG_WARN_UNREACHABLE_CODE = YES;
				CLANG_WARN__DUPLICATE_METHOD_MATCH = YES;
				COPY_PHASE_STRIP = NO;
				DEBUG_INFORMATION_FORMAT = "dwarf-with-dsym";
				ENABLE_NS_ASSERTIONS = NO;
				ENABLE_STRICT_OBJC_MSGSEND = YES;
				GCC_C_LANGUAGE_STANDARD = gnu11;
				GCC_NO_COMMON_BLOCKS = YES;
				GCC_WARN_64_TO_32_BIT_CONVERSION = YES;
				GCC_WARN_ABOUT_RETURN_TYPE = YES_ERROR;
				GCC_WARN_UNDECLARED_SELECTOR = YES;
				GCC_WARN_UNINITIALIZED_AUTOS = YES_AGGRESSIVE;
				GCC_WARN_UNUSED_FUNCTION = YES;
				GCC_WARN_UNUSED_VARIABLE = YES;
				MACOSX_DEPLOYMENT_TARGET = 12.3;
				MTL_ENABLE_DEBUG_INFO = NO;
				MTL_FAST_MATH = YES;
				SDKROOT = macosx;
			};
			name = Release;
		};
		CBE98F4C28075E78007BCB91 /* Debug */ = {
			isa = XCBuildConfiguration;
			buildSettings = {
				CODE_SIGN_STYLE = Automatic;
				HEADER_SEARCH_PATHS = "/opt/homebrew/Cellar/opencv/4.5.5/include/opencv4/**";
				LIBRARY_SEARCH_PATHS = (
					"$(inherited)",
					"$(PROJECT_DIR)",
					"$(PROJECT_DIR)/DynamicLibraries",
				);
				PRODUCT_NAME = "$(TARGET_NAME)";
			};
			name = Debug;
		};
		CBE98F4D28075E78007BCB91 /* Release */ = {
			isa = XCBuildConfiguration;
			buildSettings = {
				CODE_SIGN_STYLE = Automatic;
				HEADER_SEARCH_PATHS = "/opt/homebrew/Cellar/opencv/4.5.5/include/opencv4/**";
				LIBRARY_SEARCH_PATHS = (
					"$(inherited)",
					"$(PROJECT_DIR)",
					"$(PROJECT_DIR)/DynamicLibraries",
				);
				PRODUCT_NAME = "$(TARGET_NAME)";
			};
			name = Release;
		};
/* End XCBuildConfiguration section */

/* Begin XCConfigurationList section */
		CBE98F3F28075E78007BCB91 /* Build configuration list for PBXProject "DocumentScanner" */ = {
			isa = XCConfigurationList;
			buildConfigurations = (
				CBE98F4928075E78007BCB91 /* Debug */,
				CBE98F4A28075E78007BCB91 /* Release */,
			);
			defaultConfigurationIsVisible = 0;
			defaultConfigurationName = Release;
		};
		CBE98F4B28075E78007BCB91 /* Build configuration list for PBXNativeTarget "DocumentScanner" */ = {
			isa = XCConfigurationList;
			buildConfigurations = (
				CBE98F4C28075E78007BCB91 /* Debug */,
				CBE98F4D28075E78007BCB91 /* Release */,
			);
			defaultConfigurationIsVisible = 0;
			defaultConfigurationName = Release;
		};
/* End XCConfigurationList section */
	};
	rootObject = CBE98F3C28075E78007BCB91 /* Project object */;
}
